
Microsoft Visual Studio Solution File, Format Version 12.00
# Visual Studio 15
VisualStudioVersion = 15.0.26730.15
MinimumVisualStudioVersion = 10.0.40219.1
Project("{FAE04EC0-301F-11D3-BF4B-00C04F79EFBC}") = "JsonDiff", "JsonDiff\JsonDiff.csproj", "{7A5179DC-6C38-41C5-9540-6B0272801DEE}"
EndProject
Global
	GlobalSection(SolutionConfigurationPlatforms) = preSolution
		Debug|Any CPU = Debug|Any CPU
		Release|Any CPU = Release|Any CPU
	EndGlobalSection
	GlobalSection(ProjectConfigurationPlatforms) = postSolution
		{7A5179DC-6C38-41C5-9540-6B0272801DEE}.Debug|Any CPU.ActiveCfg = Debug|Any CPU
		{7A5179DC-6C38-41C5-9540-6B0272801DEE}.Debug|Any CPU.Build.0 = Debug|Any CPU
		{7A5179DC-6C38-41C5-9540-6B0272801DEE}.Release|Any CPU.ActiveCfg = Release|Any CPU
		{7A5179DC-6C38-41C5-9540-6B0272801DEE}.Release|Any CPU.Build.0 = Release|Any CPU
	EndGlobalSection
	GlobalSection(SolutionProperties) = preSolution
		HideSolutionNode = FALSE
	EndGlobalSection
	GlobalSection(ExtensibilityGlobals) = postSolution
		SolutionGuid = {5097CBE3-8D51-495B-8F3B-96DBE5A067FD}
	EndGlobalSection
EndGlobal
